// !$*UTF8*$!
{
	archiveVersion = 1;
	classes = {
	};
	objectVersion = 77;
	objects = {

/* Begin PBXBuildFile section */
		B7DD24432D4232D70090B232 /* SF-Pro-Rounded-Bold.otf in Resources */ = {isa = PBXBuildFile; fileRef = B7DD24422D4232D70090B232 /* SF-Pro-Rounded-Bold.otf */; };
		B7DD24452D4233460090B232 /* SF-Pro-Rounded-Medium.otf in Resources */ = {isa = PBXBuildFile; fileRef = B7DD24442D4233460090B232 /* SF-Pro-Rounded-Medium.otf */; };
		B7DD24752D4767380090B232 /* SF-Pro-Rounded-Semibold.otf in Resources */ = {isa = PBXBuildFile; fileRef = B7DD24742D4767380090B232 /* SF-Pro-Rounded-Semibold.otf */; };
		B7DD24792D493DE10090B232 /* SF-Pro-Rounded-Regular.otf in Resources */ = {isa = PBXBuildFile; fileRef = B7DD24782D493DE10090B232 /* SF-Pro-Rounded-Regular.otf */; };
/* End PBXBuildFile section */

/* Begin PBXContainerItemProxy section */
		B79E1FB62D3E37BF00A68EC0 /* PBXContainerItemProxy */ = {
			isa = PBXContainerItemProxy;
			containerPortal = B79E1F9D2D3E37BD00A68EC0 /* Project object */;
			proxyType = 1;
			remoteGlobalIDString = B79E1FA42D3E37BD00A68EC0;
			remoteInfo = HomeBakery;
		};
		B79E1FC02D3E37BF00A68EC0 /* PBXContainerItemProxy */ = {
			isa = PBXContainerItemProxy;
			containerPortal = B79E1F9D2D3E37BD00A68EC0 /* Project object */;
			proxyType = 1;
			remoteGlobalIDString = B79E1FA42D3E37BD00A68EC0;
			remoteInfo = HomeBakery;
		};
/* End PBXContainerItemProxy section */

/* Begin PBXFileReference section */
		B79E1FA52D3E37BD00A68EC0 /* HomeBakery.app */ = {isa = PBXFileReference; explicitFileType = wrapper.application; includeInIndex = 0; path = HomeBakery.app; sourceTree = BUILT_PRODUCTS_DIR; };
		B79E1FB52D3E37BF00A68EC0 /* HomeBakeryTests.xctest */ = {isa = PBXFileReference; explicitFileType = wrapper.cfbundle; includeInIndex = 0; path = HomeBakeryTests.xctest; sourceTree = BUILT_PRODUCTS_DIR; };
		B79E1FBF2D3E37BF00A68EC0 /* HomeBakeryUITests.xctest */ = {isa = PBXFileReference; explicitFileType = wrapper.cfbundle; includeInIndex = 0; path = HomeBakeryUITests.xctest; sourceTree = BUILT_PRODUCTS_DIR; };
		B7DD24422D4232D70090B232 /* SF-Pro-Rounded-Bold.otf */ = {isa = PBXFileReference; lastKnownFileType = file; path = "SF-Pro-Rounded-Bold.otf"; sourceTree = "<group>"; };
		B7DD24442D4233460090B232 /* SF-Pro-Rounded-Medium.otf */ = {isa = PBXFileReference; lastKnownFileType = file; path = "SF-Pro-Rounded-Medium.otf"; sourceTree = "<group>"; };
		B7DD24742D4767380090B232 /* SF-Pro-Rounded-Semibold.otf */ = {isa = PBXFileReference; lastKnownFileType = file; path = "SF-Pro-Rounded-Semibold.otf"; sourceTree = "<group>"; };
		B7DD24782D493DE10090B232 /* SF-Pro-Rounded-Regular.otf */ = {isa = PBXFileReference; lastKnownFileType = file; path = "SF-Pro-Rounded-Regular.otf"; sourceTree = "<group>"; };
/* End PBXFileReference section */

/* Begin PBXFileSystemSynchronizedBuildFileExceptionSet section */
		B7DD24412D422A090090B232 /* Exceptions for "HomeBakery" folder in "HomeBakery" target */ = {
			isa = PBXFileSystemSynchronizedBuildFileExceptionSet;
			membershipExceptions = (
				Info.plist,
			);
			target = B79E1FA42D3E37BD00A68EC0 /* HomeBakery */;
		};
/* End PBXFileSystemSynchronizedBuildFileExceptionSet section */

/* Begin PBXFileSystemSynchronizedRootGroup section */
		B79E1FA72D3E37BD00A68EC0 /* HomeBakery */ = {
			isa = PBXFileSystemSynchronizedRootGroup;
			exceptions = (
				B7DD24412D422A090090B232 /* Exceptions for "HomeBakery" folder in "HomeBakery" target */,
			);
			path = HomeBakery;
			sourceTree = "<group>";
		};
		B79E1FB82D3E37BF00A68EC0 /* HomeBakeryTests */ = {
			isa = PBXFileSystemSynchronizedRootGroup;
			path = HomeBakeryTests;
			sourceTree = "<group>";
		};
		B79E1FC22D3E37BF00A68EC0 /* HomeBakeryUITests */ = {
			isa = PBXFileSystemSynchronizedRootGroup;
			path = HomeBakeryUITests;
			sourceTree = "<group>";
		};
/* End PBXFileSystemSynchronizedRootGroup section */

/* Begin PBXFrameworksBuildPhase section */
		B79E1FA22D3E37BD00A68EC0 /* Frameworks */ = {
			isa = PBXFrameworksBuildPhase;
			buildActionMask = 2147483647;
			files = (
			);
			runOnlyForDeploymentPostprocessing = 0;
		};
		B79E1FB22D3E37BF00A68EC0 /* Frameworks */ = {
			isa = PBXFrameworksBuildPhase;
			buildActionMask = 2147483647;
			files = (
			);
			runOnlyForDeploymentPostprocessing = 0;
		};
		B79E1FBC2D3E37BF00A68EC0 /* Frameworks */ = {
			isa = PBXFrameworksBuildPhase;
			buildActionMask = 2147483647;
			files = (
			);
			runOnlyForDeploymentPostprocessing = 0;
		};
/* End PBXFrameworksBuildPhase section */

/* Begin PBXGroup section */
		B79E1F9C2D3E37BD00A68EC0 = {
			isa = PBXGroup;
			children = (
				B79E1FA72D3E37BD00A68EC0 /* HomeBakery */,
				B79E1FB82D3E37BF00A68EC0 /* HomeBakeryTests */,
				B79E1FC22D3E37BF00A68EC0 /* HomeBakeryUITests */,
				B79E1FA62D3E37BD00A68EC0 /* Products */,
				B7DD24422D4232D70090B232 /* SF-Pro-Rounded-Bold.otf */,
				B7DD24442D4233460090B232 /* SF-Pro-Rounded-Medium.otf */,
				B7DD24742D4767380090B232 /* SF-Pro-Rounded-Semibold.otf */,
				B7DD24782D493DE10090B232 /* SF-Pro-Rounded-Regular.otf */,
			);
			sourceTree = "<group>";
		};
		B79E1FA62D3E37BD00A68EC0 /* Products */ = {
			isa = PBXGroup;
			children = (
				B79E1FA52D3E37BD00A68EC0 /* HomeBakery.app */,
				B79E1FB52D3E37BF00A68EC0 /* HomeBakeryTests.xctest */,
				B79E1FBF2D3E37BF00A68EC0 /* HomeBakeryUITests.xctest */,
			);
			name = Products;
			sourceTree = "<group>";
		};
/* End PBXGroup section */

/* Begin PBXNativeTarget section */
		B79E1FA42D3E37BD00A68EC0 /* HomeBakery */ = {
			isa = PBXNativeTarget;
			buildConfigurationList = B79E1FC92D3E37BF00A68EC0 /* Build configuration list for PBXNativeTarget "HomeBakery" */;
			buildPhases = (
				B79E1FA12D3E37BD00A68EC0 /* Sources */,
				B79E1FA22D3E37BD00A68EC0 /* Frameworks */,
				B79E1FA32D3E37BD00A68EC0 /* Resources */,
			);
			buildRules = (
			);
			dependencies = (
			);
			fileSystemSynchronizedGroups = (
				B79E1FA72D3E37BD00A68EC0 /* HomeBakery */,
			);
			name = HomeBakery;
			packageProductDependencies = (
			);
			productName = HomeBakery;
			productReference = B79E1FA52D3E37BD00A68EC0 /* HomeBakery.app */;
			productType = "com.apple.product-type.application";
		};
		B79E1FB42D3E37BF00A68EC0 /* HomeBakeryTests */ = {
			isa = PBXNativeTarget;
			buildConfigurationList = B79E1FCC2D3E37BF00A68EC0 /* Build configuration list for PBXNativeTarget "HomeBakeryTests" */;
			buildPhases = (
				B79E1FB12D3E37BF00A68EC0 /* Sources */,
				B79E1FB22D3E37BF00A68EC0 /* Frameworks */,
				B79E1FB32D3E37BF00A68EC0 /* Resources */,
			);
			buildRules = (
			);
			dependencies = (
				B79E1FB72D3E37BF00A68EC0 /* PBXTargetDependency */,
			);
			fileSystemSynchronizedGroups = (
				B79E1FB82D3E37BF00A68EC0 /* HomeBakeryTests */,
			);
			name = HomeBakeryTests;
			packageProductDependencies = (
			);
			productName = HomeBakeryTests;
			productReference = B79E1FB52D3E37BF00A68EC0 /* HomeBakeryTests.xctest */;
			productType = "com.apple.product-type.bundle.unit-test";
		};
		B79E1FBE2D3E37BF00A68EC0 /* HomeBakeryUITests */ = {
			isa = PBXNativeTarget;
			buildConfigurationList = B79E1FCF2D3E37BF00A68EC0 /* Build configuration list for PBXNativeTarget "HomeBakeryUITests" */;
			buildPhases = (
				B79E1FBB2D3E37BF00A68EC0 /* Sources */,
				B79E1FBC2D3E37BF00A68EC0 /* Frameworks */,
				B79E1FBD2D3E37BF00A68EC0 /* Resources */,
			);
			buildRules = (
			);
			dependencies = (
				B79E1FC12D3E37BF00A68EC0 /* PBXTargetDependency */,
			);
			fileSystemSynchronizedGroups = (
				B79E1FC22D3E37BF00A68EC0 /* HomeBakeryUITests */,
			);
			name = HomeBakeryUITests;
			packageProductDependencies = (
			);
			productName = HomeBakeryUITests;
			productReference = B79E1FBF2D3E37BF00A68EC0 /* HomeBakeryUITests.xctest */;
			productType = "com.apple.product-type.bundle.ui-testing";
		};
/* End PBXNativeTarget section */

/* Begin PBXProject section */
		B79E1F9D2D3E37BD00A68EC0 /* Project object */ = {
			isa = PBXProject;
			attributes = {
				BuildIndependentTargetsInParallel = 1;
				LastSwiftUpdateCheck = 1610;
				LastUpgradeCheck = 1610;
				TargetAttributes = {
					B79E1FA42D3E37BD00A68EC0 = {
						CreatedOnToolsVersion = 16.1;
					};
					B79E1FB42D3E37BF00A68EC0 = {
						CreatedOnToolsVersion = 16.1;
						TestTargetID = B79E1FA42D3E37BD00A68EC0;
					};
					B79E1FBE2D3E37BF00A68EC0 = {
						CreatedOnToolsVersion = 16.1;
						TestTargetID = B79E1FA42D3E37BD00A68EC0;
					};
				};
			};
			buildConfigurationList = B79E1FA02D3E37BD00A68EC0 /* Build configuration list for PBXProject "HomeBakery" */;
			developmentRegion = en;
			hasScannedForEncodings = 0;
			knownRegions = (
				en,
				Base,
			);
			mainGroup = B79E1F9C2D3E37BD00A68EC0;
			minimizedProjectReferenceProxies = 1;
			preferredProjectObjectVersion = 77;
			productRefGroup = B79E1FA62D3E37BD00A68EC0 /* Products */;
			projectDirPath = "";
			projectRoot = "";
			targets = (
				B79E1FA42D3E37BD00A68EC0 /* HomeBakery */,
				B79E1FB42D3E37BF00A68EC0 /* HomeBakeryTests */,
				B79E1FBE2D3E37BF00A68EC0 /* HomeBakeryUITests */,
			);
		};
/* End PBXProject section */

/* Begin PBXResourcesBuildPhase section */
		B79E1FA32D3E37BD00A68EC0 /* Resources */ = {
			isa = PBXResourcesBuildPhase;
			buildActionMask = 2147483647;
			files = (
				B7DD24792D493DE10090B232 /* SF-Pro-Rounded-Regular.otf in Resources */,
				B7DD24752D4767380090B232 /* SF-Pro-Rounded-Semibold.otf in Resources */,
				B7DD24452D4233460090B232 /* SF-Pro-Rounded-Medium.otf in Resources */,
				B7DD24432D4232D70090B232 /* SF-Pro-Rounded-Bold.otf in Resources */,
			);
			runOnlyForDeploymentPostprocessing = 0;
		};
		B79E1FB32D3E37BF00A68EC0 /* Resources */ = {
			isa = PBXResourcesBuildPhase;
			buildActionMask = 2147483647;
			files = (
			);
			runOnlyForDeploymentPostprocessing = 0;
		};
		B79E1FBD2D3E37BF00A68EC0 /* Resources */ = {
			isa = PBXResourcesBuildPhase;
			buildActionMask = 2147483647;
			files = (
			);
			runOnlyForDeploymentPostprocessing = 0;
		};
/* End PBXResourcesBuildPhase section */

/* Begin PBXSourcesBuildPhase section */
		B79E1FA12D3E37BD00A68EC0 /* Sources */ = {
			isa = PBXSourcesBuildPhase;
			buildActionMask = 2147483647;
			files = (
			);
			runOnlyForDeploymentPostprocessing = 0;
		};
		B79E1FB12D3E37BF00A68EC0 /* Sources */ = {
			isa = PBXSourcesBuildPhase;
			buildActionMask = 2147483647;
			files = (
			);
			runOnlyForDeploymentPostprocessing = 0;
		};
		B79E1FBB2D3E37BF00A68EC0 /* Sources */ = {
			isa = PBXSourcesBuildPhase;
			buildActionMask = 2147483647;
			files = (
			);
			runOnlyForDeploymentPostprocessing = 0;
		};
/* End PBXSourcesBuildPhase section */

/* Begin PBXTargetDependency section */
		B79E1FB72D3E37BF00A68EC0 /* PBXTargetDependency */ = {
			isa = PBXTargetDependency;
			target = B79E1FA42D3E37BD00A68EC0 /* HomeBakery */;
			targetProxy = B79E1FB62D3E37BF00A68EC0 /* PBXContainerItemProxy */;
		};
		B79E1FC12D3E37BF00A68EC0 /* PBXTargetDependency */ = {
			isa = PBXTargetDependency;
			target = B79E1FA42D3E37BD00A68EC0 /* HomeBakery */;
			targetProxy = B79E1FC02D3E37BF00A68EC0 /* PBXContainerItemProxy */;
		};
/* End PBXTargetDependency section */

/* Begin XCBuildConfiguration section */
		B79E1FC72D3E37BF00A68EC0 /* Debug */ = {
			isa = XCBuildConfiguration;
			buildSettings = {
				ALWAYS_SEARCH_USER_PATHS = NO;
				ASSETCATALOG_COMPILER_GENERATE_SWIFT_ASSET_SYMBOL_EXTENSIONS = YES;
				CLANG_ANALYZER_NONNULL = YES;
				CLANG_ANALYZER_NUMBER_OBJECT_CONVERSION = YES_AGGRESSIVE;
				CLANG_CXX_LANGUAGE_STANDARD = "gnu++20";
				CLANG_ENABLE_MODULES = YES;
				CLANG_ENABLE_OBJC_ARC = YES;
				CLANG_ENABLE_OBJC_WEAK = YES;
				CLANG_WARN_BLOCK_CAPTURE_AUTORELEASING = YES;
				CLANG_WARN_BOOL_CONVERSION = YES;
				CLANG_WARN_COMMA = YES;
				CLANG_WARN_CONSTANT_CONVERSION = YES;
				CLANG_WARN_DEPRECATED_OBJC_IMPLEMENTATIONS = YES;
				CLANG_WARN_DIRECT_OBJC_ISA_USAGE = YES_ERROR;
				CLANG_WARN_DOCUMENTATION_COMMENTS = YES;
				CLANG_WARN_EMPTY_BODY = YES;
				CLANG_WARN_ENUM_CONVERSION = YES;
				CLANG_WARN_INFINITE_RECURSION = YES;
				CLANG_WARN_INT_CONVERSION = YES;
				CLANG_WARN_NON_LITERAL_NULL_CONVERSION = YES;
				CLANG_WARN_OBJC_IMPLICIT_RETAIN_SELF = YES;
				CLANG_WARN_OBJC_LITERAL_CONVERSION = YES;
				CLANG_WARN_OBJC_ROOT_CLASS = YES_ERROR;
				CLANG_WARN_QUOTED_INCLUDE_IN_FRAMEWORK_HEADER = YES;
				CLANG_WARN_RANGE_LOOP_ANALYSIS = YES;
				CLANG_WARN_STRICT_PROTOTYPES = YES;
				CLANG_WARN_SUSPICIOUS_MOVE = YES;
				CLANG_WARN_UNGUARDED_AVAILABILITY = YES_AGGRESSIVE;
				CLANG_WARN_UNREACHABLE_CODE = YES;
				CLANG_WARN__DUPLICATE_METHOD_MATCH = YES;
				COPY_PHASE_STRIP = NO;
				DEBUG_INFORMATION_FORMAT = dwarf;
				ENABLE_STRICT_OBJC_MSGSEND = YES;
				ENABLE_TESTABILITY = YES;
				ENABLE_USER_SCRIPT_SANDBOXING = YES;
				GCC_C_LANGUAGE_STANDARD = gnu17;
				GCC_DYNAMIC_NO_PIC = NO;
				GCC_NO_COMMON_BLOCKS = YES;
				GCC_OPTIMIZATION_LEVEL = 0;
				GCC_PREPROCESSOR_DEFINITIONS = (
					"DEBUG=1",
					"$(inherited)",
				);
				GCC_WARN_64_TO_32_BIT_CONVERSION = YES;
				GCC_WARN_ABOUT_RETURN_TYPE = YES_ERROR;
				GCC_WARN_UNDECLARED_SELECTOR = YES;
				GCC_WARN_UNINITIALIZED_AUTOS = YES_AGGRESSIVE;
				GCC_WARN_UNUSED_FUNCTION = YES;
				GCC_WARN_UNUSED_VARIABLE = YES;
				IPHONEOS_DEPLOYMENT_TARGET = 18.1;
				LOCALIZATION_PREFERS_STRING_CATALOGS = YES;
				MTL_ENABLE_DEBUG_INFO = INCLUDE_SOURCE;
				MTL_FAST_MATH = YES;
				ONLY_ACTIVE_ARCH = YES;
				SDKROOT = iphoneos;
				SWIFT_ACTIVE_COMPILATION_CONDITIONS = "DEBUG $(inherited)";
				SWIFT_OPTIMIZATION_LEVEL = "-Onone";
			};
			name = Debug;
		};
		B79E1FC82D3E37BF00A68EC0 /* Release */ = {
			isa = XCBuildConfiguration;
			buildSettings = {
				ALWAYS_SEARCH_USER_PATHS = NO;
				ASSETCATALOG_COMPILER_GENERATE_SWIFT_ASSET_SYMBOL_EXTENSIONS = YES;
				CLANG_ANALYZER_NONNULL = YES;
				CLANG_ANALYZER_NUMBER_OBJECT_CONVERSION = YES_AGGRESSIVE;
				CLANG_CXX_LANGUAGE_STANDARD = "gnu++20";
				CLANG_ENABLE_MODULES = YES;
				CLANG_ENABLE_OBJC_ARC = YES;
				CLANG_ENABLE_OBJC_WEAK = YES;
				CLANG_WARN_BLOCK_CAPTURE_AUTORELEASING = YES;
				CLANG_WARN_BOOL_CONVERSION = YES;
				CLANG_WARN_COMMA = YES;
				CLANG_WARN_CONSTANT_CONVERSION = YES;
				CLANG_WARN_DEPRECATED_OBJC_IMPLEMENTATIONS = YES;
				CLANG_WARN_DIRECT_OBJC_ISA_USAGE = YES_ERROR;
				CLANG_WARN_DOCUMENTATION_COMMENTS = YES;
				CLANG_WARN_EMPTY_BODY = YES;
				CLANG_WARN_ENUM_CONVERSION = YES;
				CLANG_WARN_INFINITE_RECURSION = YES;
				CLANG_WARN_INT_CONVERSION = YES;
				CLANG_WARN_NON_LITERAL_NULL_CONVERSION = YES;
				CLANG_WARN_OBJC_IMPLICIT_RETAIN_SELF = YES;
				CLANG_WARN_OBJC_LITERAL_CONVERSION = YES;
				CLANG_WARN_OBJC_ROOT_CLASS = YES_ERROR;
				CLANG_WARN_QUOTED_INCLUDE_IN_FRAMEWORK_HEADER = YES;
				CLANG_WARN_RANGE_LOOP_ANALYSIS = YES;
				CLANG_WARN_STRICT_PROTOTYPES = YES;
				CLANG_WARN_SUSPICIOUS_MOVE = YES;
				CLANG_WARN_UNGUARDED_AVAILABILITY = YES_AGGRESSIVE;
				CLANG_WARN_UNREACHABLE_CODE = YES;
				CLANG_WARN__DUPLICATE_METHOD_MATCH = YES;
				COPY_PHASE_STRIP = NO;
				DEBUG_INFORMATION_FORMAT = "dwarf-with-dsym";
				ENABLE_NS_ASSERTIONS = NO;
				ENABLE_STRICT_OBJC_MSGSEND = YES;
				ENABLE_USER_SCRIPT_SANDBOXING = YES;
				GCC_C_LANGUAGE_STANDARD = gnu17;
				GCC_NO_COMMON_BLOCKS = YES;
				GCC_WARN_64_TO_32_BIT_CONVERSION = YES;
				GCC_WARN_ABOUT_RETURN_TYPE = YES_ERROR;
				GCC_WARN_UNDECLARED_SELECTOR = YES;
				GCC_WARN_UNINITIALIZED_AUTOS = YES_AGGRESSIVE;
				GCC_WARN_UNUSED_FUNCTION = YES;
				GCC_WARN_UNUSED_VARIABLE = YES;
				IPHONEOS_DEPLOYMENT_TARGET = 18.1;
				LOCALIZATION_PREFERS_STRING_CATALOGS = YES;
				MTL_ENABLE_DEBUG_INFO = NO;
				MTL_FAST_MATH = YES;
				SDKROOT = iphoneos;
				SWIFT_COMPILATION_MODE = wholemodule;
				VALIDATE_PRODUCT = YES;
			};
			name = Release;
		};
		B79E1FCA2D3E37BF00A68EC0 /* Debug */ = {
			isa = XCBuildConfiguration;
			buildSettings = {
				ASSETCATALOG_COMPILER_APPICON_NAME = AppIcon;
				ASSETCATALOG_COMPILER_GLOBAL_ACCENT_COLOR_NAME = AccentColor;
				CODE_SIGN_STYLE = Automatic;
				CURRENT_PROJECT_VERSION = 1;
				DEVELOPMENT_ASSET_PATHS = "\"HomeBakery/Preview Content\"";
				DEVELOPMENT_TEAM = 7V6D5R973T;
				ENABLE_PREVIEWS = YES;
				GENERATE_INFOPLIST_FILE = YES;
				INFOPLIST_FILE = HomeBakery/Info.plist;
				INFOPLIST_KEY_UIApplicationSceneManifest_Generation = YES;
				INFOPLIST_KEY_UIApplicationSupportsIndirectInputEvents = YES;
				INFOPLIST_KEY_UILaunchScreen_Generation = YES;
				INFOPLIST_KEY_UISupportedInterfaceOrientations_iPad = "UIInterfaceOrientationPortrait UIInterfaceOrientationPortraitUpsideDown UIInterfaceOrientationLandscapeLeft UIInterfaceOrientationLandscapeRight";
				INFOPLIST_KEY_UISupportedInterfaceOrientations_iPhone = "UIInterfaceOrientationPortrait UIInterfaceOrientationLandscapeLeft UIInterfaceOrientationLandscapeRight";
				LD_RUNPATH_SEARCH_PATHS = (
					"$(inherited)",
					"@executable_path/Frameworks",
				);
				MARKETING_VERSION = 1.0;
				PRODUCT_BUNDLE_IDENTIFIER = com.noura.HomeBakery;
				PRODUCT_NAME = "$(TARGET_NAME)";
				SWIFT_EMIT_LOC_STRINGS = YES;
				SWIFT_VERSION = 5.0;
				TARGETED_DEVICE_FAMILY = "1,2";
			};
			name = Debug;
		};
		B79E1FCB2D3E37BF00A68EC0 /* Release */ = {
			isa = XCBuildConfiguration;
			buildSettings = {
				ASSETCATALOG_COMPILER_APPICON_NAME = AppIcon;
				ASSETCATALOG_COMPILER_GLOBAL_ACCENT_COLOR_NAME = AccentColor;
				CODE_SIGN_STYLE = Automatic;
				CURRENT_PROJECT_VERSION = 1;
				DEVELOPMENT_ASSET_PATHS = "\"HomeBakery/Preview Content\"";
				DEVELOPMENT_TEAM = 7V6D5R973T;
				ENABLE_PREVIEWS = YES;
				GENERATE_INFOPLIST_FILE = YES;
				INFOPLIST_FILE = HomeBakery/Info.plist;
				INFOPLIST_KEY_UIApplicationSceneManifest_Generation = YES;
				INFOPLIST_KEY_UIApplicationSupportsIndirectInputEvents = YES;
				INFOPLIST_KEY_UILaunchScreen_Generation = YES;
				INFOPLIST_KEY_UISupportedInterfaceOrientations_iPad = "UIInterfaceOrientationPortrait UIInterfaceOrientationPortraitUpsideDown UIInterfaceOrientationLandscapeLeft UIInterfaceOrientationLandscapeRight";
				INFOPLIST_KEY_UISupportedInterfaceOrientations_iPhone = "UIInterfaceOrientationPortrait UIInterfaceOrientationLandscapeLeft UIInterfaceOrientationLandscapeRight";
				LD_RUNPATH_SEARCH_PATHS = (
					"$(inherited)",
					"@executable_path/Frameworks",
				);
				MARKETING_VERSION = 1.0;
				PRODUCT_BUNDLE_IDENTIFIER = com.noura.HomeBakery;
				PRODUCT_NAME = "$(TARGET_NAME)";
				SWIFT_EMIT_LOC_STRINGS = YES;
				SWIFT_VERSION = 5.0;
				TARGETED_DEVICE_FAMILY = "1,2";
			};
			name = Release;
		};
		B79E1FCD2D3E37BF00A68EC0 /* Debug */ = {
			isa = XCBuildConfiguration;
			buildSettings = {
				BUNDLE_LOADER = "$(TEST_HOST)";
				CODE_SIGN_STYLE = Automatic;
				CURRENT_PROJECT_VERSION = 1;
				DEVELOPMENT_TEAM = 7V6D5R973T;
				GENERATE_INFOPLIST_FILE = YES;
				IPHONEOS_DEPLOYMENT_TARGET = 18.1;
				MARKETING_VERSION = 1.0;
				PRODUCT_BUNDLE_IDENTIFIER = com.noura.HomeBakeryTests;
				PRODUCT_NAME = "$(TARGET_NAME)";
				SWIFT_EMIT_LOC_STRINGS = NO;
				SWIFT_VERSION = 5.0;
				TARGETED_DEVICE_FAMILY = "1,2";
				TEST_HOST = "$(BUILT_PRODUCTS_DIR)/HomeBakery.app/$(BUNDLE_EXECUTABLE_FOLDER_PATH)/HomeBakery";
			};
			name = Debug;
		};
		B79E1FCE2D3E37BF00A68EC0 /* Release */ = {
			isa = XCBuildConfiguration;
			buildSettings = {
				BUNDLE_LOADER = "$(TEST_HOST)";
				CODE_SIGN_STYLE = Automatic;
				CURRENT_PROJECT_VERSION = 1;
				DEVELOPMENT_TEAM = 7V6D5R973T;
				GENERATE_INFOPLIST_FILE = YES;
				IPHONEOS_DEPLOYMENT_TARGET = 18.1;
				MARKETING_VERSION = 1.0;
				PRODUCT_BUNDLE_IDENTIFIER = com.noura.HomeBakeryTests;
				PRODUCT_NAME = "$(TARGET_NAME)";
				SWIFT_EMIT_LOC_STRINGS = NO;
				SWIFT_VERSION = 5.0;
				TARGETED_DEVICE_FAMILY = "1,2";
				TEST_HOST = "$(BUILT_PRODUCTS_DIR)/HomeBakery.app/$(BUNDLE_EXECUTABLE_FOLDER_PATH)/HomeBakery";
			};
			name = Release;
		};
		B79E1FD02D3E37BF00A68EC0 /* Debug */ = {
			isa = XCBuildConfiguration;
			buildSettings = {
				CODE_SIGN_STYLE = Automatic;
				CURRENT_PROJECT_VERSION = 1;
				DEVELOPMENT_TEAM = 7V6D5R973T;
				GENERATE_INFOPLIST_FILE = YES;
				MARKETING_VERSION = 1.0;
				PRODUCT_BUNDLE_IDENTIFIER = com.noura.HomeBakeryUITests;
				PRODUCT_NAME = "$(TARGET_NAME)";
				SWIFT_EMIT_LOC_STRINGS = NO;
				SWIFT_VERSION = 5.0;
				TARGETED_DEVICE_FAMILY = "1,2";
				TEST_TARGET_NAME = HomeBakery;
			};
			name = Debug;
		};
		B79E1FD12D3E37BF00A68EC0 /* Release */ = {
			isa = XCBuildConfiguration;
			buildSettings = {
				CODE_SIGN_STYLE = Automatic;
				CURRENT_PROJECT_VERSION = 1;
				DEVELOPMENT_TEAM = 7V6D5R973T;
				GENERATE_INFOPLIST_FILE = YES;
				MARKETING_VERSION = 1.0;
				PRODUCT_BUNDLE_IDENTIFIER = com.noura.HomeBakeryUITests;
				PRODUCT_NAME = "$(TARGET_NAME)";
				SWIFT_EMIT_LOC_STRINGS = NO;
				SWIFT_VERSION = 5.0;
				TARGETED_DEVICE_FAMILY = "1,2";
				TEST_TARGET_NAME = HomeBakery;
			};
			name = Release;
		};
/* End XCBuildConfiguration section */

/* Begin XCConfigurationList section */
		B79E1FA02D3E37BD00A68EC0 /* Build configuration list for PBXProject "HomeBakery" */ = {
			isa = XCConfigurationList;
			buildConfigurations = (
				B79E1FC72D3E37BF00A68EC0 /* Debug */,
				B79E1FC82D3E37BF00A68EC0 /* Release */,
			);
			defaultConfigurationIsVisible = 0;
			defaultConfigurationName = Release;
		};
		B79E1FC92D3E37BF00A68EC0 /* Build configuration list for PBXNativeTarget "HomeBakery" */ = {
			isa = XCConfigurationList;
			buildConfigurations = (
				B79E1FCA2D3E37BF00A68EC0 /* Debug */,
				B79E1FCB2D3E37BF00A68EC0 /* Release */,
			);
			defaultConfigurationIsVisible = 0;
			defaultConfigurationName = Release;
		};
		B79E1FCC2D3E37BF00A68EC0 /* Build configuration list for PBXNativeTarget "HomeBakeryTests" */ = {
			isa = XCConfigurationList;
			buildConfigurations = (
				B79E1FCD2D3E37BF00A68EC0 /* Debug */,
				B79E1FCE2D3E37BF00A68EC0 /* Release */,
			);
			defaultConfigurationIsVisible = 0;
			defaultConfigurationName = Release;
		};
		B79E1FCF2D3E37BF00A68EC0 /* Build configuration list for PBXNativeTarget "HomeBakeryUITests" */ = {
			isa = XCConfigurationList;
			buildConfigurations = (
				B79E1FD02D3E37BF00A68EC0 /* Debug */,
				B79E1FD12D3E37BF00A68EC0 /* Release */,
			);
			defaultConfigurationIsVisible = 0;
			defaultConfigurationName = Release;
		};
/* End XCConfigurationList section */
	};
	rootObject = B79E1F9D2D3E37BD00A68EC0 /* Project object */;
}
